<?xml version="1.0" encoding="utf-8"?>
<Project ToolsVersion="4.0" xmlns="http://schemas.microsoft.com/developer/msbuild/2003">
  <ItemGroup>
    <Filter Include="Common">
      <UniqueIdentifier>b0042807-f8ce-4e25-879e-d3397a4a6720</UniqueIdentifier>
    </Filter>
    <Filter Include="Assets">
      <UniqueIdentifier>e5e72d74-c28d-4b41-a2ec-08f3364f3c80</UniqueIdentifier>
      <Extensions>ico;cur;bmp;dds;dlg;fbx;rct;bin;rgs;gif;jpg;jpeg;jpe;resx;tga;tiff;tif;png;wav;mfcribbon-ms</Extensions>
    </Filter>
    <Filter Include="FrameProviders">
      <UniqueIdentifier>{35ed6590-099e-42ab-8c3c-b8ff8271c922}</UniqueIdentifier>
    </Filter>
    <Filter Include="Shaders">
      <UniqueIdentifier>{fbf3f95e-71d5-4ce7-8122-98ee6b27e256}</UniqueIdentifier>
    </Filter>
  </ItemGroup>
  <ItemGroup>
    <ClInclude Include="StepTimer.h">
      <Filter>Common</Filter>
    </ClInclude>
    <ClInclude Include="DeviceResources.h">
      <Filter>Common</Filter>
    </ClInclude>
    <ClInclude Include="CalibrationApp.h" />
    <ClInclude Include="stdafx.h" />
    <ClInclude Include="..\..\Compositor\CompositorDLL\DeckLinkDevice.h">
      <Filter>FrameProviders</Filter>
    </ClInclude>
    <ClInclude Include="..\..\Compositor\CompositorDLL\DeckLinkManager.h">
      <Filter>FrameProviders</Filter>
    </ClInclude>
    <ClInclude Include="..\..\Compositor\CompositorDLL\OpenCVFrameProvider.h">
      <Filter>FrameProviders</Filter>
    </ClInclude>
    <ClInclude Include="..\..\Compositor\CompositorDLL\IFrameProvider.h">
      <Filter>FrameProviders</Filter>
    </ClInclude>
    <ClInclude Include="DeckLinkAPI_h.h" />
    <ClInclude Include="..\..\Compositor\CompositorDLL\ElgatoFrameProvider.h">
      <Filter>FrameProviders</Filter>
    </ClInclude>
    <ClInclude Include="..\..\Compositor\CompositorDLL\ElgatoSampleCallback.h">
      <Filter>FrameProviders</Filter>
    </ClInclude>
    <ClInclude Include="ReadData.h">
      <Filter>Shaders</Filter>
    </ClInclude>
  </ItemGroup>
  <ItemGroup>
    <ClCompile Include="Main.cpp" />
    <ClCompile Include="DeviceResources.cpp">
      <Filter>Common</Filter>
    </ClCompile>
    <ClCompile Include="CalibrationApp.cpp" />
    <ClCompile Include="stdafx.cpp" />
    <ClCompile Include="..\..\Compositor\CompositorDLL\DeckLinkDevice.cpp">
      <Filter>FrameProviders</Filter>
    </ClCompile>
    <ClCompile Include="..\..\Compositor\CompositorDLL\DeckLinkManager.cpp">
      <Filter>FrameProviders</Filter>
    </ClCompile>
    <ClCompile Include="..\..\Compositor\CompositorDLL\OpenCVFrameProvider.cpp">
      <Filter>FrameProviders</Filter>
    </ClCompile>
    <ClCompile Include="DeckLinkAPI_i.c" />
    <ClCompile Include="..\..\Compositor\CompositorDLL\ElgatoFrameProvider.cpp">
      <Filter>FrameProviders</Filter>
    </ClCompile>
    <ClCompile Include="..\..\Compositor\CompositorDLL\ElgatoSampleCallback.cpp">
      <Filter>FrameProviders</Filter>
    </ClCompile>
  </ItemGroup>
  <ItemGroup>
    <ResourceCompile Include="resource.rc" />
  </ItemGroup>
  <ItemGroup>
    <Image Include="directx.ico">
      <Filter>Assets</Filter>
    </Image>
  </ItemGroup>
  <ItemGroup>
    <Manifest Include="settings.manifest">
      <Filter>Assets</Filter>
    </Manifest>
  </ItemGroup>
  <ItemGroup>
    <None Include="packages.config" />
    <None Include="myfile.spritefont">
      <Filter>Assets</Filter>
    </None>
    <None Include="segoeUI32.spritefont">
      <Filter>Assets</Filter>
    </None>
  </ItemGroup>
  <ItemGroup>
    <Midl Include="DeckLinkAPI.idl" />
  </ItemGroup>
  <ItemGroup>
    <FxCompile Include="YUV2RGB.hlsl">
      <Filter>Shaders</Filter>
    </FxCompile>
    <FxCompile Include="ForceOpaque.hlsl" />
  </ItemGroup>
</Project>