
Microsoft Visual Studio Solution File, Format Version 12.00
# Visual Studio 15
VisualStudioVersion = 15.0.27428.2037
MinimumVisualStudioVersion = 10.0.40219.1
Project("{9A19103F-16F7-4668-BE54-9A1E7A4F7556}") = "UnityScriptAnalyzer", "UnityScriptAnalyzer\UnityScriptAnalyzer\UnityScriptAnalyzer.csproj", "{76736AEA-7EC2-4ADD-B733-F2F2D6A99151}"
EndProject
Project("{FAE04EC0-301F-11D3-BF4B-00C04F79EFBC}") = "UnityScriptAnalyzer.Vsix", "UnityScriptAnalyzer\UnityScriptAnalyzer.Vsix\UnityScriptAnalyzer.Vsix.csproj", "{55B83F46-03DB-422B-B10E-E10E454C32CE}"
EndProject
Global
	GlobalSection(SolutionConfigurationPlatforms) = preSolution
		Debug|Any CPU = Debug|Any CPU
		Release|Any CPU = Release|Any CPU
	EndGlobalSection
	GlobalSection(ProjectConfigurationPlatforms) = postSolution
		{76736AEA-7EC2-4ADD-B733-F2F2D6A99151}.Debug|Any CPU.ActiveCfg = Debug|Any CPU
		{76736AEA-7EC2-4ADD-B733-F2F2D6A99151}.Debug|Any CPU.Build.0 = Debug|Any CPU
		{76736AEA-7EC2-4ADD-B733-F2F2D6A99151}.Release|Any CPU.ActiveCfg = Release|Any CPU
		{76736AEA-7EC2-4ADD-B733-F2F2D6A99151}.Release|Any CPU.Build.0 = Release|Any CPU
		{55B83F46-03DB-422B-B10E-E10E454C32CE}.Debug|Any CPU.ActiveCfg = Debug|Any CPU
		{55B83F46-03DB-422B-B10E-E10E454C32CE}.Debug|Any CPU.Build.0 = Debug|Any CPU
		{55B83F46-03DB-422B-B10E-E10E454C32CE}.Release|Any CPU.ActiveCfg = Release|Any CPU
		{55B83F46-03DB-422B-B10E-E10E454C32CE}.Release|Any CPU.Build.0 = Release|Any CPU
	EndGlobalSection
	GlobalSection(SolutionProperties) = preSolution
		HideSolutionNode = FALSE
	EndGlobalSection
	GlobalSection(ExtensibilityGlobals) = postSolution
		SolutionGuid = {D06F87C4-B2E0-4A00-B9F2-364FF2BE0B1A}
	EndGlobalSection
EndGlobal
