<?xml version="1.0" encoding="utf-8"?>
<Project ToolsVersion="4.0" xmlns="http://schemas.microsoft.com/developer/msbuild/2003">
  <ItemGroup>
    <Filter Include="Common">
      <UniqueIdentifier>{ce16c333-595a-4f08-b93e-cc49e7ad3cb0}</UniqueIdentifier>
    </Filter>
    <Filter Include="Plugin">
      <UniqueIdentifier>{3cf57a19-8fb8-48ff-a5a9-16318e633f4a}</UniqueIdentifier>
    </Filter>
    <Filter Include="Unity">
      <UniqueIdentifier>{4045d484-eb54-4892-9386-6d9008610d25}</UniqueIdentifier>
    </Filter>
    <Filter Include="Network">
      <UniqueIdentifier>{4724f754-11e0-488b-9518-3486e8670632}</UniqueIdentifier>
    </Filter>
    <Filter Include="Media">
      <UniqueIdentifier>{ae28a581-c8ad-4794-a48d-6ae8ed2d1b99}</UniqueIdentifier>
    </Filter>
  </ItemGroup>
  <ItemGroup>
    <ClInclude Include="$(MSBuildThisFileDirectory)Common\BaseAttributes.h">
      <Filter>Common</Filter>
    </ClInclude>
    <ClInclude Include="$(MSBuildThisFileDirectory)Common\ErrorHandling.h">
      <Filter>Common</Filter>
    </ClInclude>
    <ClInclude Include="$(MSBuildThisFileDirectory)Common\LinkList.h">
      <Filter>Common</Filter>
    </ClInclude>
    <ClInclude Include="$(MSBuildThisFileDirectory)Common\OpQueue.h">
      <Filter>Common</Filter>
    </ClInclude>
    <ClInclude Include="$(MSBuildThisFileDirectory)Unity\IUnityGraphics.h">
      <Filter>Unity</Filter>
    </ClInclude>
    <ClInclude Include="$(MSBuildThisFileDirectory)Unity\IUnityGraphicsD3D9.h">
      <Filter>Unity</Filter>
    </ClInclude>
    <ClInclude Include="$(MSBuildThisFileDirectory)Unity\IUnityGraphicsD3D11.h">
      <Filter>Unity</Filter>
    </ClInclude>
    <ClInclude Include="$(MSBuildThisFileDirectory)Unity\IUnityGraphicsD3D12.h">
      <Filter>Unity</Filter>
    </ClInclude>
    <ClInclude Include="$(MSBuildThisFileDirectory)Unity\IUnityInterface.h">
      <Filter>Unity</Filter>
    </ClInclude>
    <ClInclude Include="$(MSBuildThisFileDirectory)Unity\RenderingPlugin.h">
      <Filter>Unity</Filter>
    </ClInclude>
    <ClInclude Include="$(MSBuildThisFileDirectory)Plugin\DirectXManager.h">
      <Filter>Plugin</Filter>
    </ClInclude>
    <ClInclude Include="$(MSBuildThisFileDirectory)Plugin\ModuleManager.h">
      <Filter>Plugin</Filter>
    </ClInclude>
    <ClInclude Include="$(MSBuildThisFileDirectory)Plugin\PluginManager.h">
      <Filter>Plugin</Filter>
    </ClInclude>
    <ClInclude Include="$(MSBuildThisFileDirectory)pch.h" />
    <ClInclude Include="$(MSBuildThisFileDirectory)Network\Connection.h">
      <Filter>Network</Filter>
    </ClInclude>
    <ClInclude Include="$(MSBuildThisFileDirectory)Network\Connector.h">
      <Filter>Network</Filter>
    </ClInclude>
    <ClInclude Include="$(MSBuildThisFileDirectory)Network\DataBuffer.h">
      <Filter>Network</Filter>
    </ClInclude>
    <ClInclude Include="$(MSBuildThisFileDirectory)Network\DataBundle.h">
      <Filter>Network</Filter>
    </ClInclude>
    <ClInclude Include="$(MSBuildThisFileDirectory)Network\DataBundleArgs.h">
      <Filter>Network</Filter>
    </ClInclude>
    <ClInclude Include="$(MSBuildThisFileDirectory)Network\Listener.h">
      <Filter>Network</Filter>
    </ClInclude>
    <ClInclude Include="$(MSBuildThisFileDirectory)Media\Marker.h">
      <Filter>Media</Filter>
    </ClInclude>
    <ClInclude Include="$(MSBuildThisFileDirectory)Media\NetworkMediaSink.h">
      <Filter>Media</Filter>
    </ClInclude>
    <ClInclude Include="$(MSBuildThisFileDirectory)Media\NetworkMediaSinkStream.h">
      <Filter>Media</Filter>
    </ClInclude>
    <ClInclude Include="$(MSBuildThisFileDirectory)Media\SchemeHandler.h">
      <Filter>Media</Filter>
    </ClInclude>
    <ClInclude Include="$(MSBuildThisFileDirectory)Media\RealtimeServer.h">
      <Filter>Media</Filter>
    </ClInclude>
    <ClInclude Include="$(MSBuildThisFileDirectory)Media\RealtimeMediaSource.h">
      <Filter>Media</Filter>
    </ClInclude>
    <ClInclude Include="$(MSBuildThisFileDirectory)Media\MediaUtils.h">
      <Filter>Media</Filter>
    </ClInclude>
    <ClInclude Include="$(MSBuildThisFileDirectory)Media\RealtimeMediaPlayer.h">
      <Filter>Media</Filter>
    </ClInclude>
  </ItemGroup>
  <ItemGroup>
    <ClCompile Include="$(MSBuildThisFileDirectory)Plugin\DirectXManager.cpp">
      <Filter>Plugin</Filter>
    </ClCompile>
    <ClCompile Include="$(MSBuildThisFileDirectory)Plugin\ModuleManager.cpp">
      <Filter>Plugin</Filter>
    </ClCompile>
    <ClCompile Include="$(MSBuildThisFileDirectory)Plugin\PluginManager.cpp">
      <Filter>Plugin</Filter>
    </ClCompile>
    <ClCompile Include="$(MSBuildThisFileDirectory)dllmain.cpp" />
    <ClCompile Include="$(MSBuildThisFileDirectory)pch.cpp" />
    <ClCompile Include="$(MSBuildThisFileDirectory)Network\Connection.cpp">
      <Filter>Network</Filter>
    </ClCompile>
    <ClCompile Include="$(MSBuildThisFileDirectory)Network\Connector.cpp">
      <Filter>Network</Filter>
    </ClCompile>
    <ClCompile Include="$(MSBuildThisFileDirectory)Network\DataBuffer.cpp">
      <Filter>Network</Filter>
    </ClCompile>
    <ClCompile Include="$(MSBuildThisFileDirectory)Network\DataBundle.cpp">
      <Filter>Network</Filter>
    </ClCompile>
    <ClCompile Include="$(MSBuildThisFileDirectory)Network\DataBundleArgs.cpp">
      <Filter>Network</Filter>
    </ClCompile>
    <ClCompile Include="$(MSBuildThisFileDirectory)Network\Listener.cpp">
      <Filter>Network</Filter>
    </ClCompile>
    <ClCompile Include="$(MSBuildThisFileDirectory)Media\Marker.cpp">
      <Filter>Media</Filter>
    </ClCompile>
    <ClCompile Include="$(MSBuildThisFileDirectory)Media\NetworkMediaSink.cpp">
      <Filter>Media</Filter>
    </ClCompile>
    <ClCompile Include="$(MSBuildThisFileDirectory)Media\NetworkMediaSinkStream.cpp">
      <Filter>Media</Filter>
    </ClCompile>
    <ClCompile Include="$(MSBuildThisFileDirectory)Media\SchemeHandler.cpp">
      <Filter>Media</Filter>
    </ClCompile>
    <ClCompile Include="$(MSBuildThisFileDirectory)Media\RealtimeServer.cpp">
      <Filter>Media</Filter>
    </ClCompile>
    <ClCompile Include="$(MSBuildThisFileDirectory)Media\RealtimeMediaSource.cpp">
      <Filter>Media</Filter>
    </ClCompile>
    <ClCompile Include="$(MSBuildThisFileDirectory)Media\MediaUtils.cpp">
      <Filter>Media</Filter>
    </ClCompile>
    <ClCompile Include="$(MSBuildThisFileDirectory)Media\RealtimeMediaPlayer.cpp">
      <Filter>Media</Filter>
    </ClCompile>
  </ItemGroup>
  <ItemGroup>
    <Midl Include="$(MSBuildThisFileDirectory)RealtimeStreaming.idl" />
    <Midl Include="$(MSBuildThisFileDirectory)ModuleManager.idl">
      <Filter>Plugin</Filter>
    </Midl>
    <Midl Include="$(MSBuildThisFileDirectory)PluginManager.idl">
      <Filter>Plugin</Filter>
    </Midl>
    <Midl Include="$(MSBuildThisFileDirectory)DirectXManager.idl">
      <Filter>Plugin</Filter>
    </Midl>
    <Midl Include="$(MSBuildThisFileDirectory)NetworkMediaSink.idl">
      <Filter>Media</Filter>
    </Midl>
    <Midl Include="$(MSBuildThisFileDirectory)RealtimeServer.idl">
      <Filter>Media</Filter>
    </Midl>
    <Midl Include="$(MSBuildThisFileDirectory)RealtimeMediaSource.idl">
      <Filter>Media</Filter>
    </Midl>
    <Midl Include="$(MSBuildThisFileDirectory)NetworkMediaSinkStream.idl">
      <Filter>Media</Filter>
    </Midl>
    <Midl Include="$(MSBuildThisFileDirectory)Connector.idl">
      <Filter>Network</Filter>
    </Midl>
    <Midl Include="$(MSBuildThisFileDirectory)Listener.idl">
      <Filter>Network</Filter>
    </Midl>
    <Midl Include="$(MSBuildThisFileDirectory)Connection.idl">
      <Filter>Network</Filter>
    </Midl>
    <Midl Include="$(MSBuildThisFileDirectory)DataBuffer.idl">
      <Filter>Network</Filter>
    </Midl>
    <Midl Include="$(MSBuildThisFileDirectory)DataBundle.idl">
      <Filter>Network</Filter>
    </Midl>
    <Midl Include="$(MSBuildThisFileDirectory)DataBundleArgs.idl">
      <Filter>Network</Filter>
    </Midl>
  </ItemGroup>
  <ItemGroup>
    <None Include="$(MSBuildThisFileDirectory)RealtimeStreaming.def" />
  </ItemGroup>
</Project>