<?xml version="1.0" encoding="utf-8"?>
<Project ToolsVersion="4.0" xmlns="http://schemas.microsoft.com/developer/msbuild/2003">
  <ItemGroup>
    <Filter Include="Common">
      <UniqueIdentifier>{16eecdd8-5584-4414-b4c4-4f9ff42efc58}</UniqueIdentifier>
    </Filter>
    <Filter Include="Content">
      <UniqueIdentifier>{ad7edf76-f6a5-4671-aa11-11f412d41b59}</UniqueIdentifier>
    </Filter>
    <Filter Include="Content\HLSL">
      <UniqueIdentifier>{ac3ed8e3-9955-47d5-ba7b-ba41db0aa4d4}</UniqueIdentifier>
    </Filter>
  </ItemGroup>
  <ItemGroup>
    <ClCompile Include="$(MSBuildThisFileDirectory)\AppMain.cpp" />
    <ClCompile Include="$(MSBuildThisFileDirectory)\AppView.cpp" />
    <ClCompile Include="$(MSBuildThisFileDirectory)\pch.cpp" />
    <ClCompile Include="$(MSBuildThisFileDirectory)\Common\CameraResources.cpp">
      <Filter>Common</Filter>
    </ClCompile>
    <ClCompile Include="$(MSBuildThisFileDirectory)\Common\DeviceResources.cpp">
      <Filter>Common</Filter>
    </ClCompile>
    <ClCompile Include="$(MSBuildThisFileDirectory)\Common\DeviceResourcesWindowed.cpp">
      <Filter>Common</Filter>
    </ClCompile>
    <ClCompile Include="$(MSBuildThisFileDirectory)\Content\RenderableObject.cpp">
      <Filter>Content</Filter>
    </ClCompile>
    <ClCompile Include="$(MSBuildThisFileDirectory)\Content\SpatialInputHandler.cpp">
      <Filter>Content</Filter>
    </ClCompile>
    <ClCompile Include="$(MSBuildThisFileDirectory)\Content\SpatialInputRenderer.cpp">
      <Filter>Content</Filter>
    </ClCompile>
    <ClCompile Include="$(MSBuildThisFileDirectory)\Content\SpinningCubeRenderer.cpp">
      <Filter>Content</Filter>
    </ClCompile>
  </ItemGroup>
  <ItemGroup>
    <ClInclude Include="$(MSBuildThisFileDirectory)\AppMain.h" />
    <ClInclude Include="$(MSBuildThisFileDirectory)\AppView.h" />
    <ClInclude Include="$(MSBuildThisFileDirectory)\pch.h" />
    <ClInclude Include="$(MSBuildThisFileDirectory)\Common\CameraResources.h">
      <Filter>Common</Filter>
    </ClInclude>
    <ClInclude Include="$(MSBuildThisFileDirectory)\Common\DeviceResources.h">
      <Filter>Common</Filter>
    </ClInclude>
    <ClInclude Include="$(MSBuildThisFileDirectory)\Common\DeviceResourcesWindowed.h">
      <Filter>Common</Filter>
    </ClInclude>
    <ClInclude Include="$(MSBuildThisFileDirectory)\Common\DirectXHelper.h">
      <Filter>Common</Filter>
    </ClInclude>
    <ClInclude Include="$(MSBuildThisFileDirectory)\Common\StepTimer.h">
      <Filter>Common</Filter>
    </ClInclude>
    <ClInclude Include="$(MSBuildThisFileDirectory)\Content\RenderableObject.h">
      <Filter>Content</Filter>
    </ClInclude>
    <ClInclude Include="$(MSBuildThisFileDirectory)\Content\ShaderStructures.h">
      <Filter>Content</Filter>
    </ClInclude>
    <ClInclude Include="$(MSBuildThisFileDirectory)\Content\SpatialInputHandler.h">
      <Filter>Content</Filter>
    </ClInclude>
    <ClInclude Include="$(MSBuildThisFileDirectory)\Content\SpatialInputRenderer.h">
      <Filter>Content</Filter>
    </ClInclude>
    <ClInclude Include="$(MSBuildThisFileDirectory)\Content\SpinningCubeRenderer.h">
      <Filter>Content</Filter>
    </ClInclude>
  </ItemGroup>
  <ItemGroup>
    <FxCompile Include="$(MSBuildThisFileDirectory)\Content\PixelShader.hlsl">
      <Filter>Content\HLSL</Filter>
    </FxCompile>
    <FxCompile Include="$(MSBuildThisFileDirectory)\Content\GeometryShader.hlsl">
      <Filter>Content\HLSL</Filter>
    </FxCompile>
    <FxCompile Include="$(MSBuildThisFileDirectory)\Content\VPRTVertexShader.hlsl">
      <Filter>Content\HLSL</Filter>
    </FxCompile>
    <FxCompile Include="$(MSBuildThisFileDirectory)\Content\VertexShader.hlsl">
      <Filter>Content\HLSL</Filter>
    </FxCompile>
  </ItemGroup>
</Project>